// !$*UTF8*$!
{
	archiveVersion = 1;
	classes = {
	};
	objectVersion = 55;
	objects = {

/* Begin PBXBuildFile section */
		FA150F0E28476688002A5884 /* AfricaApp.swift in Sources */ = {isa = PBXBuildFile; fileRef = FA150F0D28476688002A5884 /* AfricaApp.swift */; };
		FA150F1028476688002A5884 /* ContentView.swift in Sources */ = {isa = PBXBuildFile; fileRef = FA150F0F28476688002A5884 /* ContentView.swift */; };
		FA150F122847668A002A5884 /* Assets.xcassets in Resources */ = {isa = PBXBuildFile; fileRef = FA150F112847668A002A5884 /* Assets.xcassets */; };
		FA150F152847668A002A5884 /* Preview Assets.xcassets in Resources */ = {isa = PBXBuildFile; fileRef = FA150F142847668A002A5884 /* Preview Assets.xcassets */; };
		FA150F1C28476756002A5884 /* README.md in Resources */ = {isa = PBXBuildFile; fileRef = FA150F1B28476756002A5884 /* README.md */; };
		FA150F2C28476902002A5884 /* lion.mp4 in Resources */ = {isa = PBXBuildFile; fileRef = FA150F22284768FF002A5884 /* lion.mp4 */; };
		FA150F2D28476902002A5884 /* elephant.mp4 in Resources */ = {isa = PBXBuildFile; fileRef = FA150F23284768FF002A5884 /* elephant.mp4 */; };
		FA150F2E28476902002A5884 /* cheetah.mp4 in Resources */ = {isa = PBXBuildFile; fileRef = FA150F2428476900002A5884 /* cheetah.mp4 */; };
		FA150F2F28476902002A5884 /* ostrich.mp4 in Resources */ = {isa = PBXBuildFile; fileRef = FA150F2528476900002A5884 /* ostrich.mp4 */; };
		FA150F3028476902002A5884 /* rhino.mp4 in Resources */ = {isa = PBXBuildFile; fileRef = FA150F2628476900002A5884 /* rhino.mp4 */; };
		FA150F3128476902002A5884 /* gorilla.mp4 in Resources */ = {isa = PBXBuildFile; fileRef = FA150F2728476901002A5884 /* gorilla.mp4 */; };
		FA150F3228476902002A5884 /* zebra.mp4 in Resources */ = {isa = PBXBuildFile; fileRef = FA150F2828476901002A5884 /* zebra.mp4 */; };
		FA150F3328476902002A5884 /* giraffe.mp4 in Resources */ = {isa = PBXBuildFile; fileRef = FA150F2928476902002A5884 /* giraffe.mp4 */; };
		FA150F3428476902002A5884 /* lioness.mp4 in Resources */ = {isa = PBXBuildFile; fileRef = FA150F2A28476902002A5884 /* lioness.mp4 */; };
		FA150F3528476902002A5884 /* hippo.mp4 in Resources */ = {isa = PBXBuildFile; fileRef = FA150F2B28476902002A5884 /* hippo.mp4 */; };
		FA150F3A2847695D002A5884 /* covers.json in Resources */ = {isa = PBXBuildFile; fileRef = FA150F362847695D002A5884 /* covers.json */; };
		FA150F3B2847695D002A5884 /* locations.json in Resources */ = {isa = PBXBuildFile; fileRef = FA150F372847695D002A5884 /* locations.json */; };
		FA150F3C2847695D002A5884 /* animals.json in Resources */ = {isa = PBXBuildFile; fileRef = FA150F382847695D002A5884 /* animals.json */; };
		FA150F3D2847695D002A5884 /* videos.json in Resources */ = {isa = PBXBuildFile; fileRef = FA150F392847695D002A5884 /* videos.json */; };
		FA150F40284773C6002A5884 /* VideoListView.swift in Sources */ = {isa = PBXBuildFile; fileRef = FA150F3F284773C6002A5884 /* VideoListView.swift */; };
		FA150F422847743A002A5884 /* MapView.swift in Sources */ = {isa = PBXBuildFile; fileRef = FA150F412847743A002A5884 /* MapView.swift */; };
		FA150F442847744F002A5884 /* GalleryView.swift in Sources */ = {isa = PBXBuildFile; fileRef = FA150F432847744F002A5884 /* GalleryView.swift */; };
		FA150F4628477459002A5884 /* MainView.swift in Sources */ = {isa = PBXBuildFile; fileRef = FA150F4528477459002A5884 /* MainView.swift */; };
		FA150F482847B81A002A5884 /* CoverImageView.swift in Sources */ = {isa = PBXBuildFile; fileRef = FA150F472847B81A002A5884 /* CoverImageView.swift */; };
		FA150F4A2847BBE7002A5884 /* CoverImageModel.swift in Sources */ = {isa = PBXBuildFile; fileRef = FA150F492847BBE7002A5884 /* CoverImageModel.swift */; };
		FA150F4D2847E12E002A5884 /* CodableBundleExtension.swift in Sources */ = {isa = PBXBuildFile; fileRef = FA150F4C2847E12E002A5884 /* CodableBundleExtension.swift */; };
		FA150F4F2847E7FB002A5884 /* AnimalListItemView.swift in Sources */ = {isa = PBXBuildFile; fileRef = FA150F4E2847E7FB002A5884 /* AnimalListItemView.swift */; };
		FA150F512847EA6E002A5884 /* AnimalModel.swift in Sources */ = {isa = PBXBuildFile; fileRef = FA150F502847EA6E002A5884 /* AnimalModel.swift */; };
		FA150F532847ED55002A5884 /* AnimalDetailView.swift in Sources */ = {isa = PBXBuildFile; fileRef = FA150F522847ED55002A5884 /* AnimalDetailView.swift */; };
		FA150F552847F05A002A5884 /* HeadingView.swift in Sources */ = {isa = PBXBuildFile; fileRef = FA150F542847F05A002A5884 /* HeadingView.swift */; };
		FA150F572847F1E7002A5884 /* InsetGalleryView.swift in Sources */ = {isa = PBXBuildFile; fileRef = FA150F562847F1E7002A5884 /* InsetGalleryView.swift */; };
		FA150F592848EA1A002A5884 /* InsetFactView.swift in Sources */ = {isa = PBXBuildFile; fileRef = FA150F582848EA1A002A5884 /* InsetFactView.swift */; };
		FA150F5B284A34D2002A5884 /* InsetMapView.swift in Sources */ = {isa = PBXBuildFile; fileRef = FA150F5A284A34D2002A5884 /* InsetMapView.swift */; };
		FA150F5D284A3809002A5884 /* ExternalWeblinkView.swift in Sources */ = {isa = PBXBuildFile; fileRef = FA150F5C284A3809002A5884 /* ExternalWeblinkView.swift */; };
		FA150F5F284A3A92002A5884 /* VideoModel.swift in Sources */ = {isa = PBXBuildFile; fileRef = FA150F5E284A3A92002A5884 /* VideoModel.swift */; };
		FA150F61284A3AED002A5884 /* VideoListItemView.swift in Sources */ = {isa = PBXBuildFile; fileRef = FA150F60284A3AED002A5884 /* VideoListItemView.swift */; };
		FA150F63284A7E7F002A5884 /* VideoPlayerView.swift in Sources */ = {isa = PBXBuildFile; fileRef = FA150F62284A7E7F002A5884 /* VideoPlayerView.swift */; };
		FA150F66284A7F8B002A5884 /* VideoPlayerHelper.swift in Sources */ = {isa = PBXBuildFile; fileRef = FA150F65284A7F8B002A5884 /* VideoPlayerHelper.swift */; };
		FA150F68284C9410002A5884 /* LocationModel.swift in Sources */ = {isa = PBXBuildFile; fileRef = FA150F67284C9410002A5884 /* LocationModel.swift */; };
		FA150F6A284C976A002A5884 /* MapAnnotationView.swift in Sources */ = {isa = PBXBuildFile; fileRef = FA150F69284C976A002A5884 /* MapAnnotationView.swift */; };
		FA8258D7284DDA2B00500150 /* MotionAnimationView.swift in Sources */ = {isa = PBXBuildFile; fileRef = FA8258D6284DDA2B00500150 /* MotionAnimationView.swift */; };
		FA8258D9284DDA8000500150 /* CreditsView.swift in Sources */ = {isa = PBXBuildFile; fileRef = FA8258D8284DDA8000500150 /* CreditsView.swift */; };
		FA8258DC284DDB1D00500150 /* CenterModifier.swift in Sources */ = {isa = PBXBuildFile; fileRef = FA8258DB284DDB1D00500150 /* CenterModifier.swift */; };
/* End PBXBuildFile section */

/* Begin PBXFileReference section */
		FA150F0A28476688002A5884 /* Africa.app */ = {isa = PBXFileReference; explicitFileType = wrapper.application; includeInIndex = 0; path = Africa.app; sourceTree = BUILT_PRODUCTS_DIR; };
		FA150F0D28476688002A5884 /* AfricaApp.swift */ = {isa = PBXFileReference; lastKnownFileType = sourcecode.swift; path = AfricaApp.swift; sourceTree = "<group>"; };
		FA150F0F28476688002A5884 /* ContentView.swift */ = {isa = PBXFileReference; lastKnownFileType = sourcecode.swift; path = ContentView.swift; sourceTree = "<group>"; };
		FA150F112847668A002A5884 /* Assets.xcassets */ = {isa = PBXFileReference; lastKnownFileType = folder.assetcatalog; path = Assets.xcassets; sourceTree = "<group>"; };
		FA150F142847668A002A5884 /* Preview Assets.xcassets */ = {isa = PBXFileReference; lastKnownFileType = folder.assetcatalog; path = "Preview Assets.xcassets"; sourceTree = "<group>"; };
		FA150F1B28476756002A5884 /* README.md */ = {isa = PBXFileReference; fileEncoding = 4; lastKnownFileType = net.daringfireball.markdown; path = README.md; sourceTree = "<group>"; };
		FA150F22284768FF002A5884 /* lion.mp4 */ = {isa = PBXFileReference; lastKnownFileType = file; path = lion.mp4; sourceTree = "<group>"; };
		FA150F23284768FF002A5884 /* elephant.mp4 */ = {isa = PBXFileReference; lastKnownFileType = file; path = elephant.mp4; sourceTree = "<group>"; };
		FA150F2428476900002A5884 /* cheetah.mp4 */ = {isa = PBXFileReference; lastKnownFileType = file; path = cheetah.mp4; sourceTree = "<group>"; };
		FA150F2528476900002A5884 /* ostrich.mp4 */ = {isa = PBXFileReference; lastKnownFileType = file; path = ostrich.mp4; sourceTree = "<group>"; };
		FA150F2628476900002A5884 /* rhino.mp4 */ = {isa = PBXFileReference; lastKnownFileType = file; path = rhino.mp4; sourceTree = "<group>"; };
		FA150F2728476901002A5884 /* gorilla.mp4 */ = {isa = PBXFileReference; lastKnownFileType = file; path = gorilla.mp4; sourceTree = "<group>"; };
		FA150F2828476901002A5884 /* zebra.mp4 */ = {isa = PBXFileReference; lastKnownFileType = file; path = zebra.mp4; sourceTree = "<group>"; };
		FA150F2928476902002A5884 /* giraffe.mp4 */ = {isa = PBXFileReference; lastKnownFileType = file; path = giraffe.mp4; sourceTree = "<group>"; };
		FA150F2A28476902002A5884 /* lioness.mp4 */ = {isa = PBXFileReference; lastKnownFileType = file; path = lioness.mp4; sourceTree = "<group>"; };
		FA150F2B28476902002A5884 /* hippo.mp4 */ = {isa = PBXFileReference; lastKnownFileType = file; path = hippo.mp4; sourceTree = "<group>"; };
		FA150F362847695D002A5884 /* covers.json */ = {isa = PBXFileReference; fileEncoding = 4; lastKnownFileType = text.json; path = covers.json; sourceTree = "<group>"; };
		FA150F372847695D002A5884 /* locations.json */ = {isa = PBXFileReference; fileEncoding = 4; lastKnownFileType = text.json; path = locations.json; sourceTree = "<group>"; };
		FA150F382847695D002A5884 /* animals.json */ = {isa = PBXFileReference; fileEncoding = 4; lastKnownFileType = text.json; path = animals.json; sourceTree = "<group>"; };
		FA150F392847695D002A5884 /* videos.json */ = {isa = PBXFileReference; fileEncoding = 4; lastKnownFileType = text.json; path = videos.json; sourceTree = "<group>"; };
		FA150F3E28477211002A5884 /* Info.plist */ = {isa = PBXFileReference; lastKnownFileType = text.plist; path = Info.plist; sourceTree = "<group>"; };
		FA150F3F284773C6002A5884 /* VideoListView.swift */ = {isa = PBXFileReference; lastKnownFileType = sourcecode.swift; path = VideoListView.swift; sourceTree = "<group>"; };
		FA150F412847743A002A5884 /* MapView.swift */ = {isa = PBXFileReference; lastKnownFileType = sourcecode.swift; path = MapView.swift; sourceTree = "<group>"; };
		FA150F432847744F002A5884 /* GalleryView.swift */ = {isa = PBXFileReference; lastKnownFileType = sourcecode.swift; path = GalleryView.swift; sourceTree = "<group>"; };
		FA150F4528477459002A5884 /* MainView.swift */ = {isa = PBXFileReference; lastKnownFileType = sourcecode.swift; path = MainView.swift; sourceTree = "<group>"; };
		FA150F472847B81A002A5884 /* CoverImageView.swift */ = {isa = PBXFileReference; lastKnownFileType = sourcecode.swift; path = CoverImageView.swift; sourceTree = "<group>"; };
		FA150F492847BBE7002A5884 /* CoverImageModel.swift */ = {isa = PBXFileReference; lastKnownFileType = sourcecode.swift; path = CoverImageModel.swift; sourceTree = "<group>"; };
		FA150F4C2847E12E002A5884 /* CodableBundleExtension.swift */ = {isa = PBXFileReference; lastKnownFileType = sourcecode.swift; path = CodableBundleExtension.swift; sourceTree = "<group>"; };
		FA150F4E2847E7FB002A5884 /* AnimalListItemView.swift */ = {isa = PBXFileReference; lastKnownFileType = sourcecode.swift; path = AnimalListItemView.swift; sourceTree = "<group>"; };
		FA150F502847EA6E002A5884 /* AnimalModel.swift */ = {isa = PBXFileReference; lastKnownFileType = sourcecode.swift; path = AnimalModel.swift; sourceTree = "<group>"; };
		FA150F522847ED55002A5884 /* AnimalDetailView.swift */ = {isa = PBXFileReference; lastKnownFileType = sourcecode.swift; path = AnimalDetailView.swift; sourceTree = "<group>"; };
		FA150F542847F05A002A5884 /* HeadingView.swift */ = {isa = PBXFileReference; lastKnownFileType = sourcecode.swift; path = HeadingView.swift; sourceTree = "<group>"; };
		FA150F562847F1E7002A5884 /* InsetGalleryView.swift */ = {isa = PBXFileReference; lastKnownFileType = sourcecode.swift; path = InsetGalleryView.swift; sourceTree = "<group>"; };
		FA150F582848EA1A002A5884 /* InsetFactView.swift */ = {isa = PBXFileReference; lastKnownFileType = sourcecode.swift; path = InsetFactView.swift; sourceTree = "<group>"; };
		FA150F5A284A34D2002A5884 /* InsetMapView.swift */ = {isa = PBXFileReference; lastKnownFileType = sourcecode.swift; path = InsetMapView.swift; sourceTree = "<group>"; };
		FA150F5C284A3809002A5884 /* ExternalWeblinkView.swift */ = {isa = PBXFileReference; lastKnownFileType = sourcecode.swift; path = ExternalWeblinkView.swift; sourceTree = "<group>"; };
		FA150F5E284A3A92002A5884 /* VideoModel.swift */ = {isa = PBXFileReference; lastKnownFileType = sourcecode.swift; path = VideoModel.swift; sourceTree = "<group>"; };
		FA150F60284A3AED002A5884 /* VideoListItemView.swift */ = {isa = PBXFileReference; lastKnownFileType = sourcecode.swift; path = VideoListItemView.swift; sourceTree = "<group>"; };
		FA150F62284A7E7F002A5884 /* VideoPlayerView.swift */ = {isa = PBXFileReference; lastKnownFileType = sourcecode.swift; path = VideoPlayerView.swift; sourceTree = "<group>"; };
		FA150F65284A7F8B002A5884 /* VideoPlayerHelper.swift */ = {isa = PBXFileReference; lastKnownFileType = sourcecode.swift; path = VideoPlayerHelper.swift; sourceTree = "<group>"; };
		FA150F67284C9410002A5884 /* LocationModel.swift */ = {isa = PBXFileReference; lastKnownFileType = sourcecode.swift; path = LocationModel.swift; sourceTree = "<group>"; };
		FA150F69284C976A002A5884 /* MapAnnotationView.swift */ = {isa = PBXFileReference; lastKnownFileType = sourcecode.swift; path = MapAnnotationView.swift; sourceTree = "<group>"; };
		FA8258D6284DDA2B00500150 /* MotionAnimationView.swift */ = {isa = PBXFileReference; lastKnownFileType = sourcecode.swift; path = MotionAnimationView.swift; sourceTree = "<group>"; };
		FA8258D8284DDA8000500150 /* CreditsView.swift */ = {isa = PBXFileReference; lastKnownFileType = sourcecode.swift; path = CreditsView.swift; sourceTree = "<group>"; };
		FA8258DB284DDB1D00500150 /* CenterModifier.swift */ = {isa = PBXFileReference; lastKnownFileType = sourcecode.swift; path = CenterModifier.swift; sourceTree = "<group>"; };
/* End PBXFileReference section */

/* Begin PBXFrameworksBuildPhase section */
		FA150F0728476688002A5884 /* Frameworks */ = {
			isa = PBXFrameworksBuildPhase;
			buildActionMask = 2147483647;
			files = (
			);
			runOnlyForDeploymentPostprocessing = 0;
		};
/* End PBXFrameworksBuildPhase section */

/* Begin PBXGroup section */
		FA150F0128476688002A5884 = {
			isa = PBXGroup;
			children = (
				FA150F1B28476756002A5884 /* README.md */,
				FA150F0C28476688002A5884 /* Africa */,
				FA150F0B28476688002A5884 /* Products */,
			);
			sourceTree = "<group>";
		};
		FA150F0B28476688002A5884 /* Products */ = {
			isa = PBXGroup;
			children = (
				FA150F0A28476688002A5884 /* Africa.app */,
			);
			name = Products;
			sourceTree = "<group>";
		};
		FA150F0C28476688002A5884 /* Africa */ = {
			isa = PBXGroup;
			children = (
				FA8258DA284DDB0400500150 /* Modifier */,
				FA150F64284A7F5B002A5884 /* Helper */,
				FA150F4B2847E0E8002A5884 /* Extension */,
				FA150F1F284767B2002A5884 /* View */,
				FA150F20284767B9002A5884 /* Model */,
				FA150F1E284767AC002A5884 /* Data */,
				FA150F1D284767A2002A5884 /* App */,
				FA150F21284767C0002A5884 /* Videos */,
				FA150F3E28477211002A5884 /* Info.plist */,
				FA150F112847668A002A5884 /* Assets.xcassets */,
				FA150F132847668A002A5884 /* Preview Content */,
			);
			path = Africa;
			sourceTree = "<group>";
		};
		FA150F132847668A002A5884 /* Preview Content */ = {
			isa = PBXGroup;
			children = (
				FA150F142847668A002A5884 /* Preview Assets.xcassets */,
			);
			path = "Preview Content";
			sourceTree = "<group>";
		};
		FA150F1D284767A2002A5884 /* App */ = {
			isa = PBXGroup;
			children = (
				FA150F0D28476688002A5884 /* AfricaApp.swift */,
				FA150F0F28476688002A5884 /* ContentView.swift */,
				FA150F3F284773C6002A5884 /* VideoListView.swift */,
				FA150F412847743A002A5884 /* MapView.swift */,
				FA150F432847744F002A5884 /* GalleryView.swift */,
				FA150F4528477459002A5884 /* MainView.swift */,
			);
			path = App;
			sourceTree = "<group>";
		};
		FA150F1E284767AC002A5884 /* Data */ = {
			isa = PBXGroup;
			children = (
				FA150F382847695D002A5884 /* animals.json */,
				FA150F362847695D002A5884 /* covers.json */,
				FA150F372847695D002A5884 /* locations.json */,
				FA150F392847695D002A5884 /* videos.json */,
			);
			path = Data;
			sourceTree = "<group>";
		};
		FA150F1F284767B2002A5884 /* View */ = {
			isa = PBXGroup;
			children = (
				FA150F472847B81A002A5884 /* CoverImageView.swift */,
				FA150F4E2847E7FB002A5884 /* AnimalListItemView.swift */,
				FA150F522847ED55002A5884 /* AnimalDetailView.swift */,
				FA150F542847F05A002A5884 /* HeadingView.swift */,
				FA150F562847F1E7002A5884 /* InsetGalleryView.swift */,
				FA150F582848EA1A002A5884 /* InsetFactView.swift */,
				FA150F5A284A34D2002A5884 /* InsetMapView.swift */,
				FA150F5C284A3809002A5884 /* ExternalWeblinkView.swift */,
				FA150F60284A3AED002A5884 /* VideoListItemView.swift */,
				FA150F62284A7E7F002A5884 /* VideoPlayerView.swift */,
				FA150F69284C976A002A5884 /* MapAnnotationView.swift */,
				FA8258D6284DDA2B00500150 /* MotionAnimationView.swift */,
				FA8258D8284DDA8000500150 /* CreditsView.swift */,
			);
			path = View;
			sourceTree = "<group>";
		};
		FA150F20284767B9002A5884 /* Model */ = {
			isa = PBXGroup;
			children = (
				FA150F492847BBE7002A5884 /* CoverImageModel.swift */,
				FA150F502847EA6E002A5884 /* AnimalModel.swift */,
				FA150F5E284A3A92002A5884 /* VideoModel.swift */,
				FA150F67284C9410002A5884 /* LocationModel.swift */,
			);
			path = Model;
			sourceTree = "<group>";
		};
		FA150F21284767C0002A5884 /* Videos */ = {
			isa = PBXGroup;
			children = (
				FA150F2428476900002A5884 /* cheetah.mp4 */,
				FA150F23284768FF002A5884 /* elephant.mp4 */,
				FA150F2928476902002A5884 /* giraffe.mp4 */,
				FA150F2728476901002A5884 /* gorilla.mp4 */,
				FA150F2B28476902002A5884 /* hippo.mp4 */,
				FA150F22284768FF002A5884 /* lion.mp4 */,
				FA150F2A28476902002A5884 /* lioness.mp4 */,
				FA150F2528476900002A5884 /* ostrich.mp4 */,
				FA150F2628476900002A5884 /* rhino.mp4 */,
				FA150F2828476901002A5884 /* zebra.mp4 */,
			);
			path = Videos;
			sourceTree = "<group>";
		};
		FA150F4B2847E0E8002A5884 /* Extension */ = {
			isa = PBXGroup;
			children = (
				FA150F4C2847E12E002A5884 /* CodableBundleExtension.swift */,
			);
			path = Extension;
			sourceTree = "<group>";
		};
		FA150F64284A7F5B002A5884 /* Helper */ = {
			isa = PBXGroup;
			children = (
				FA150F65284A7F8B002A5884 /* VideoPlayerHelper.swift */,
			);
			path = Helper;
			sourceTree = "<group>";
		};
		FA8258DA284DDB0400500150 /* Modifier */ = {
			isa = PBXGroup;
			children = (
				FA8258DB284DDB1D00500150 /* CenterModifier.swift */,
			);
			path = Modifier;
			sourceTree = "<group>";
		};
/* End PBXGroup section */

/* Begin PBXNativeTarget section */
		FA150F0928476688002A5884 /* Africa */ = {
			isa = PBXNativeTarget;
			buildConfigurationList = FA150F182847668A002A5884 /* Build configuration list for PBXNativeTarget "Africa" */;
			buildPhases = (
				FA150F0628476688002A5884 /* Sources */,
				FA150F0728476688002A5884 /* Frameworks */,
				FA150F0828476688002A5884 /* Resources */,
			);
			buildRules = (
			);
			dependencies = (
			);
			name = Africa;
			productName = Africa;
			productReference = FA150F0A28476688002A5884 /* Africa.app */;
			productType = "com.apple.product-type.application";
		};
/* End PBXNativeTarget section */

/* Begin PBXProject section */
		FA150F0228476688002A5884 /* Project object */ = {
			isa = PBXProject;
			attributes = {
				BuildIndependentTargetsInParallel = 1;
				LastSwiftUpdateCheck = 1320;
				LastUpgradeCheck = 1320;
				TargetAttributes = {
					FA150F0928476688002A5884 = {
						CreatedOnToolsVersion = 13.2.1;
					};
				};
			};
			buildConfigurationList = FA150F0528476688002A5884 /* Build configuration list for PBXProject "Africa" */;
			compatibilityVersion = "Xcode 13.0";
			developmentRegion = en;
			hasScannedForEncodings = 0;
			knownRegions = (
				en,
				Base,
			);
			mainGroup = FA150F0128476688002A5884;
			productRefGroup = FA150F0B28476688002A5884 /* Products */;
			projectDirPath = "";
			projectRoot = "";
			targets = (
				FA150F0928476688002A5884 /* Africa */,
			);
		};
/* End PBXProject section */

/* Begin PBXResourcesBuildPhase section */
		FA150F0828476688002A5884 /* Resources */ = {
			isa = PBXResourcesBuildPhase;
			buildActionMask = 2147483647;
			files = (
				FA150F3D2847695D002A5884 /* videos.json in Resources */,
				FA150F3028476902002A5884 /* rhino.mp4 in Resources */,
				FA150F3128476902002A5884 /* gorilla.mp4 in Resources */,
				FA150F1C28476756002A5884 /* README.md in Resources */,
				FA150F2F28476902002A5884 /* ostrich.mp4 in Resources */,
				FA150F2C28476902002A5884 /* lion.mp4 in Resources */,
				FA150F2E28476902002A5884 /* cheetah.mp4 in Resources */,
				FA150F3528476902002A5884 /* hippo.mp4 in Resources */,
				FA150F3B2847695D002A5884 /* locations.json in Resources */,
				FA150F3A2847695D002A5884 /* covers.json in Resources */,
				FA150F3C2847695D002A5884 /* animals.json in Resources */,
				FA150F3328476902002A5884 /* giraffe.mp4 in Resources */,
				FA150F3228476902002A5884 /* zebra.mp4 in Resources */,
				FA150F152847668A002A5884 /* Preview Assets.xcassets in Resources */,
				FA150F2D28476902002A5884 /* elephant.mp4 in Resources */,
				FA150F122847668A002A5884 /* Assets.xcassets in Resources */,
				FA150F3428476902002A5884 /* lioness.mp4 in Resources */,
			);
			runOnlyForDeploymentPostprocessing = 0;
		};
/* End PBXResourcesBuildPhase section */

/* Begin PBXSourcesBuildPhase section */
		FA150F0628476688002A5884 /* Sources */ = {
			isa = PBXSourcesBuildPhase;
			buildActionMask = 2147483647;
			files = (
				FA150F5D284A3809002A5884 /* ExternalWeblinkView.swift in Sources */,
				FA150F1028476688002A5884 /* ContentView.swift in Sources */,
				FA150F4F2847E7FB002A5884 /* AnimalListItemView.swift in Sources */,
				FA150F4628477459002A5884 /* MainView.swift in Sources */,
				FA150F592848EA1A002A5884 /* InsetFactView.swift in Sources */,
				FA150F482847B81A002A5884 /* CoverImageView.swift in Sources */,
				FA150F4A2847BBE7002A5884 /* CoverImageModel.swift in Sources */,
				FA150F532847ED55002A5884 /* AnimalDetailView.swift in Sources */,
				FA150F512847EA6E002A5884 /* AnimalModel.swift in Sources */,
				FA150F422847743A002A5884 /* MapView.swift in Sources */,
				FA150F66284A7F8B002A5884 /* VideoPlayerHelper.swift in Sources */,
				FA150F5B284A34D2002A5884 /* InsetMapView.swift in Sources */,
				FA150F0E28476688002A5884 /* AfricaApp.swift in Sources */,
				FA8258DC284DDB1D00500150 /* CenterModifier.swift in Sources */,
				FA150F6A284C976A002A5884 /* MapAnnotationView.swift in Sources */,
				FA150F40284773C6002A5884 /* VideoListView.swift in Sources */,
				FA150F5F284A3A92002A5884 /* VideoModel.swift in Sources */,
				FA150F442847744F002A5884 /* GalleryView.swift in Sources */,
				FA150F68284C9410002A5884 /* LocationModel.swift in Sources */,
				FA150F572847F1E7002A5884 /* InsetGalleryView.swift in Sources */,
				FA150F61284A3AED002A5884 /* VideoListItemView.swift in Sources */,
				FA150F4D2847E12E002A5884 /* CodableBundleExtension.swift in Sources */,
				FA8258D7284DDA2B00500150 /* MotionAnimationView.swift in Sources */,
				FA150F552847F05A002A5884 /* HeadingView.swift in Sources */,
				FA8258D9284DDA8000500150 /* CreditsView.swift in Sources */,
				FA150F63284A7E7F002A5884 /* VideoPlayerView.swift in Sources */,
			);
			runOnlyForDeploymentPostprocessing = 0;
		};
/* End PBXSourcesBuildPhase section */

/* Begin XCBuildConfiguration section */
		FA150F162847668A002A5884 /* Debug */ = {
			isa = XCBuildConfiguration;
			buildSettings = {
				ALWAYS_SEARCH_USER_PATHS = NO;
				CLANG_ANALYZER_NONNULL = YES;
				CLANG_ANALYZER_NUMBER_OBJECT_CONVERSION = YES_AGGRESSIVE;
				CLANG_CXX_LANGUAGE_STANDARD = "gnu++17";
				CLANG_CXX_LIBRARY = "libc++";
				CLANG_ENABLE_MODULES = YES;
				CLANG_ENABLE_OBJC_ARC = YES;
				CLANG_ENABLE_OBJC_WEAK = YES;
				CLANG_WARN_BLOCK_CAPTURE_AUTORELEASING = YES;
				CLANG_WARN_BOOL_CONVERSION = YES;
				CLANG_WARN_COMMA = YES;
				CLANG_WARN_CONSTANT_CONVERSION = YES;
				CLANG_WARN_DEPRECATED_OBJC_IMPLEMENTATIONS = YES;
				CLANG_WARN_DIRECT_OBJC_ISA_USAGE = YES_ERROR;
				CLANG_WARN_DOCUMENTATION_COMMENTS = YES;
				CLANG_WARN_EMPTY_BODY = YES;
				CLANG_WARN_ENUM_CONVERSION = YES;
				CLANG_WARN_INFINITE_RECURSION = YES;
				CLANG_WARN_INT_CONVERSION = YES;
				CLANG_WARN_NON_LITERAL_NULL_CONVERSION = YES;
				CLANG_WARN_OBJC_IMPLICIT_RETAIN_SELF = YES;
				CLANG_WARN_OBJC_LITERAL_CONVERSION = YES;
				CLANG_WARN_OBJC_ROOT_CLASS = YES_ERROR;
				CLANG_WARN_QUOTED_INCLUDE_IN_FRAMEWORK_HEADER = YES;
				CLANG_WARN_RANGE_LOOP_ANALYSIS = YES;
				CLANG_WARN_STRICT_PROTOTYPES = YES;
				CLANG_WARN_SUSPICIOUS_MOVE = YES;
				CLANG_WARN_UNGUARDED_AVAILABILITY = YES_AGGRESSIVE;
				CLANG_WARN_UNREACHABLE_CODE = YES;
				CLANG_WARN__DUPLICATE_METHOD_MATCH = YES;
				COPY_PHASE_STRIP = NO;
				DEBUG_INFORMATION_FORMAT = dwarf;
				ENABLE_STRICT_OBJC_MSGSEND = YES;
				ENABLE_TESTABILITY = YES;
				GCC_C_LANGUAGE_STANDARD = gnu11;
				GCC_DYNAMIC_NO_PIC = NO;
				GCC_NO_COMMON_BLOCKS = YES;
				GCC_OPTIMIZATION_LEVEL = 0;
				GCC_PREPROCESSOR_DEFINITIONS = (
					"DEBUG=1",
					"$(inherited)",
				);
				GCC_WARN_64_TO_32_BIT_CONVERSION = YES;
				GCC_WARN_ABOUT_RETURN_TYPE = YES_ERROR;
				GCC_WARN_UNDECLARED_SELECTOR = YES;
				GCC_WARN_UNINITIALIZED_AUTOS = YES_AGGRESSIVE;
				GCC_WARN_UNUSED_FUNCTION = YES;
				GCC_WARN_UNUSED_VARIABLE = YES;
				IPHONEOS_DEPLOYMENT_TARGET = 15.2;
				MTL_ENABLE_DEBUG_INFO = INCLUDE_SOURCE;
				MTL_FAST_MATH = YES;
				ONLY_ACTIVE_ARCH = YES;
				SDKROOT = iphoneos;
				SWIFT_ACTIVE_COMPILATION_CONDITIONS = DEBUG;
				SWIFT_OPTIMIZATION_LEVEL = "-Onone";
			};
			name = Debug;
		};
		FA150F172847668A002A5884 /* Release */ = {
			isa = XCBuildConfiguration;
			buildSettings = {
				ALWAYS_SEARCH_USER_PATHS = NO;
				CLANG_ANALYZER_NONNULL = YES;
				CLANG_ANALYZER_NUMBER_OBJECT_CONVERSION = YES_AGGRESSIVE;
				CLANG_CXX_LANGUAGE_STANDARD = "gnu++17";
				CLANG_CXX_LIBRARY = "libc++";
				CLANG_ENABLE_MODULES = YES;
				CLANG_ENABLE_OBJC_ARC = YES;
				CLANG_ENABLE_OBJC_WEAK = YES;
				CLANG_WARN_BLOCK_CAPTURE_AUTORELEASING = YES;
				CLANG_WARN_BOOL_CONVERSION = YES;
				CLANG_WARN_COMMA = YES;
				CLANG_WARN_CONSTANT_CONVERSION = YES;
				CLANG_WARN_DEPRECATED_OBJC_IMPLEMENTATIONS = YES;
				CLANG_WARN_DIRECT_OBJC_ISA_USAGE = YES_ERROR;
				CLANG_WARN_DOCUMENTATION_COMMENTS = YES;
				CLANG_WARN_EMPTY_BODY = YES;
				CLANG_WARN_ENUM_CONVERSION = YES;
				CLANG_WARN_INFINITE_RECURSION = YES;
				CLANG_WARN_INT_CONVERSION = YES;
				CLANG_WARN_NON_LITERAL_NULL_CONVERSION = YES;
				CLANG_WARN_OBJC_IMPLICIT_RETAIN_SELF = YES;
				CLANG_WARN_OBJC_LITERAL_CONVERSION = YES;
				CLANG_WARN_OBJC_ROOT_CLASS = YES_ERROR;
				CLANG_WARN_QUOTED_INCLUDE_IN_FRAMEWORK_HEADER = YES;
				CLANG_WARN_RANGE_LOOP_ANALYSIS = YES;
				CLANG_WARN_STRICT_PROTOTYPES = YES;
				CLANG_WARN_SUSPICIOUS_MOVE = YES;
				CLANG_WARN_UNGUARDED_AVAILABILITY = YES_AGGRESSIVE;
				CLANG_WARN_UNREACHABLE_CODE = YES;
				CLANG_WARN__DUPLICATE_METHOD_MATCH = YES;
				COPY_PHASE_STRIP = NO;
				DEBUG_INFORMATION_FORMAT = "dwarf-with-dsym";
				ENABLE_NS_ASSERTIONS = NO;
				ENABLE_STRICT_OBJC_MSGSEND = YES;
				GCC_C_LANGUAGE_STANDARD = gnu11;
				GCC_NO_COMMON_BLOCKS = YES;
				GCC_WARN_64_TO_32_BIT_CONVERSION = YES;
				GCC_WARN_ABOUT_RETURN_TYPE = YES_ERROR;
				GCC_WARN_UNDECLARED_SELECTOR = YES;
				GCC_WARN_UNINITIALIZED_AUTOS = YES_AGGRESSIVE;
				GCC_WARN_UNUSED_FUNCTION = YES;
				GCC_WARN_UNUSED_VARIABLE = YES;
				IPHONEOS_DEPLOYMENT_TARGET = 15.2;
				MTL_ENABLE_DEBUG_INFO = NO;
				MTL_FAST_MATH = YES;
				SDKROOT = iphoneos;
				SWIFT_COMPILATION_MODE = wholemodule;
				SWIFT_OPTIMIZATION_LEVEL = "-O";
				VALIDATE_PRODUCT = YES;
			};
			name = Release;
		};
		FA150F192847668A002A5884 /* Debug */ = {
			isa = XCBuildConfiguration;
			buildSettings = {
				ASSETCATALOG_COMPILER_APPICON_NAME = AppIcon;
				ASSETCATALOG_COMPILER_GLOBAL_ACCENT_COLOR_NAME = AccentColor;
				CODE_SIGN_STYLE = Automatic;
				CURRENT_PROJECT_VERSION = 1;
				DEVELOPMENT_ASSET_PATHS = "\"Africa/Preview Content\"";
				DEVELOPMENT_TEAM = K6BJ9JXQPF;
				ENABLE_PREVIEWS = YES;
				GENERATE_INFOPLIST_FILE = YES;
				INFOPLIST_FILE = Africa/Info.plist;
				INFOPLIST_KEY_UIApplicationSceneManifest_Generation = YES;
				INFOPLIST_KEY_UIApplicationSupportsIndirectInputEvents = YES;
				INFOPLIST_KEY_UISupportedInterfaceOrientations_iPad = "UIInterfaceOrientationPortrait UIInterfaceOrientationPortraitUpsideDown UIInterfaceOrientationLandscapeLeft UIInterfaceOrientationLandscapeRight";
				INFOPLIST_KEY_UISupportedInterfaceOrientations_iPhone = "UIInterfaceOrientationPortrait UIInterfaceOrientationLandscapeLeft UIInterfaceOrientationLandscapeRight";
				INFOPLIST_KEY_UIUserInterfaceStyle = Dark;
				LD_RUNPATH_SEARCH_PATHS = (
					"$(inherited)",
					"@executable_path/Frameworks",
				);
				MARKETING_VERSION = 1.0;
				PRODUCT_BUNDLE_IDENTIFIER = systemApps.Africa;
				PRODUCT_NAME = "$(TARGET_NAME)";
				SWIFT_EMIT_LOC_STRINGS = YES;
				SWIFT_VERSION = 5.0;
				TARGETED_DEVICE_FAMILY = "1,2";
			};
			name = Debug;
		};
		FA150F1A2847668A002A5884 /* Release */ = {
			isa = XCBuildConfiguration;
			buildSettings = {
				ASSETCATALOG_COMPILER_APPICON_NAME = AppIcon;
				ASSETCATALOG_COMPILER_GLOBAL_ACCENT_COLOR_NAME = AccentColor;
				CODE_SIGN_STYLE = Automatic;
				CURRENT_PROJECT_VERSION = 1;
				DEVELOPMENT_ASSET_PATHS = "\"Africa/Preview Content\"";
				DEVELOPMENT_TEAM = K6BJ9JXQPF;
				ENABLE_PREVIEWS = YES;
				GENERATE_INFOPLIST_FILE = YES;
				INFOPLIST_FILE = Africa/Info.plist;
				INFOPLIST_KEY_UIApplicationSceneManifest_Generation = YES;
				INFOPLIST_KEY_UIApplicationSupportsIndirectInputEvents = YES;
				INFOPLIST_KEY_UISupportedInterfaceOrientations_iPad = "UIInterfaceOrientationPortrait UIInterfaceOrientationPortraitUpsideDown UIInterfaceOrientationLandscapeLeft UIInterfaceOrientationLandscapeRight";
				INFOPLIST_KEY_UISupportedInterfaceOrientations_iPhone = "UIInterfaceOrientationPortrait UIInterfaceOrientationLandscapeLeft UIInterfaceOrientationLandscapeRight";
				INFOPLIST_KEY_UIUserInterfaceStyle = Dark;
				LD_RUNPATH_SEARCH_PATHS = (
					"$(inherited)",
					"@executable_path/Frameworks",
				);
				MARKETING_VERSION = 1.0;
				PRODUCT_BUNDLE_IDENTIFIER = systemApps.Africa;
				PRODUCT_NAME = "$(TARGET_NAME)";
				SWIFT_EMIT_LOC_STRINGS = YES;
				SWIFT_VERSION = 5.0;
				TARGETED_DEVICE_FAMILY = "1,2";
			};
			name = Release;
		};
/* End XCBuildConfiguration section */

/* Begin XCConfigurationList section */
		FA150F0528476688002A5884 /* Build configuration list for PBXProject "Africa" */ = {
			isa = XCConfigurationList;
			buildConfigurations = (
				FA150F162847668A002A5884 /* Debug */,
				FA150F172847668A002A5884 /* Release */,
			);
			defaultConfigurationIsVisible = 0;
			defaultConfigurationName = Release;
		};
		FA150F182847668A002A5884 /* Build configuration list for PBXNativeTarget "Africa" */ = {
			isa = XCConfigurationList;
			buildConfigurations = (
				FA150F192847668A002A5884 /* Debug */,
				FA150F1A2847668A002A5884 /* Release */,
			);
			defaultConfigurationIsVisible = 0;
			defaultConfigurationName = Release;
		};
/* End XCConfigurationList section */
	};
	rootObject = FA150F0228476688002A5884 /* Project object */;
}
